{
  "version": 4,
  "terraform_version": "1.4.4",
  "serial": 2,
  "lineage": "110ac49d-9571-b7d5-e946-c6e7ae1b412a",
  "outputs": {
    "assignment_id": {
      "value": "/subscriptions/f30e4bec-38ca-483f-8465-e3c0c8d4a202/providers/Microsoft.Authorization/policyAssignments/Azure Security Benchmark",
      "type": "string"
    }
  },
  "resources": [
    {
      "mode": "data",
      "type": "azurerm_subscription",
      "name": "current",
      "provider": "provider[\"registry.terraform.io/hashicorp/azurerm\"]",
      "instances": [
        {
          "schema_version": 0,
          "attributes": {
            "display_name": "Visual Studio Professional Subscription",
            "id": "/subscriptions/f30e4bec-38ca-483f-8465-e3c0c8d4a202",
            "location_placement_id": "Public_2014-09-01",
            "quota_id": "MSDN_2014-09-01",
            "spending_limit": "On",
            "state": "Enabled",
            "subscription_id": "f30e4bec-38ca-483f-8465-e3c0c8d4a202",
            "tags": {},
            "tenant_id": "cf36141c-ddd7-45a7-b073-111f66d0b30c",
            "timeouts": null
          },
          "sensitive_attributes": []
        }
      ]
    },
    {
      "mode": "managed",
      "type": "azurerm_subscription_policy_assignment",
      "name": "INITIATIVE",
      "provider": "provider[\"registry.terraform.io/hashicorp/azurerm\"]",
      "instances": [
        {
          "schema_version": 0,
          "attributes": {
            "description": "Azure Security Benchmark",
            "display_name": "Azure Security Benchmark INITIATIVE",
            "enforce": true,
            "id": "/subscriptions/f30e4bec-38ca-483f-8465-e3c0c8d4a202/providers/Microsoft.Authorization/policyAssignments/Azure Security Benchmark",
            "identity": [],
            "location": "",
            "metadata": "{\"createdBy\":\"36db0f5d-122a-493c-ae7c-9152e318a39a\",\"createdOn\":\"2023-05-03T08:37:18.1963826Z\",\"updatedBy\":null,\"updatedOn\":null}",
            "name": "Azure Security Benchmark",
            "non_compliance_message": [],
            "not_scopes": null,
            "overrides": [],
            "parameters": "",
            "policy_definition_id": "/providers/Microsoft.Authorization/policySetDefinitions/1f3afdf9-d0c9-4c3d-847f-89da613e70a8",
            "resource_selectors": [],
            "subscription_id": "/subscriptions/f30e4bec-38ca-483f-8465-e3c0c8d4a202",
            "timeouts": null
          },
          "sensitive_attributes": [],
          "private": "eyJlMmJmYjczMC1lY2FhLTExZTYtOGY4OC0zNDM2M2JjN2M0YzAiOnsiY3JlYXRlIjoxODAwMDAwMDAwMDAwLCJkZWxldGUiOjE4MDAwMDAwMDAwMDAsInJlYWQiOjMwMDAwMDAwMDAwMCwidXBkYXRlIjoxODAwMDAwMDAwMDAwfX0=",
          "dependencies": [
            "data.azurerm_subscription.current"
          ]
        }
      ]
    }
  ],
  "check_results": null
}
